
Microsoft Visual Studio Solution File, Format Version 12.00
# Visual Studio Version 17
VisualStudioVersion = 17.2.32616.157
MinimumVisualStudioVersion = 10.0.40219.1
Project("{9A19103F-16F7-4668-BE54-9A1E7A4F7556}") = "Relay", "Relay\Relay.csproj", "{19DB4393-0C5C-4F12-BB0D-771EFA3FBE9A}"
EndProject
Project("{9A19103F-16F7-4668-BE54-9A1E7A4F7556}") = "Refund", "Refund\Refund.csproj", "{9E788BC2-9177-42B9-9101-F31EB7D7C691}"
	ProjectSection(ProjectDependencies) = postProject
		{33E72A9F-92F3-48C9-9553-D7CC7C21B267} = {33E72A9F-92F3-48C9-9553-D7CC7C21B267}
	EndProjectSection
EndProject
Project("{2150E333-8FDC-42A3-9474-1A3956D46DE8}") = "Solution Items", "Solution Items", "{9AFC604F-88E2-4DA9-8766-871A0607D59F}"
	ProjectSection(SolutionItems) = preProject
		.gitignore = .gitignore
	EndProjectSection
EndProject
Project("{9A19103F-16F7-4668-BE54-9A1E7A4F7556}") = "WarpLib", "Warp\WarpLib\WarpLib.csproj", "{33E72A9F-92F3-48C9-9553-D7CC7C21B267}"
EndProject
Project("{9A19103F-16F7-4668-BE54-9A1E7A4F7556}") = "TorchSharp", "Warp\TorchSharp\TorchSharp.csproj", "{28014E99-355D-4B29-8739-58BD6D268D4E}"
EndProject
Project("{9A19103F-16F7-4668-BE54-9A1E7A4F7556}") = "ComponentDev", "ComponentDev\ComponentDev.csproj", "{6B52E220-3DFC-4BF4-8DC5-DC1BF585351B}"
EndProject
Project("{9A19103F-16F7-4668-BE54-9A1E7A4F7556}") = "RelaySourceGenerators", "SourceGenerators\RelaySourceGenerators\RelaySourceGenerators.csproj", "{7C30C4E0-8E0F-417A-80A6-8B6A4B1065EB}"
EndProject
Project("{FAE04EC0-301F-11D3-BF4B-00C04F79EFBC}") = "Emoji", "Emoji\Emoji.csproj", "{17976CA7-4886-4BB1-BFC5-F6866C45EABA}"
EndProject
Project("{FAE04EC0-301F-11D3-BF4B-00C04F79EFBC}") = "ClaudeHelpers", "ClaudeHelpers\ClaudeHelpers.csproj", "{4BD53E9B-B8FB-40B0-8ED2-7CAAD3A4262A}"
EndProject
Project("{2150E333-8FDC-42A3-9474-1A3956D46DE8}") = "ElkSharp", "ElkSharp", "{A76215AD-9A74-95F2-B232-6C425EF2EEA0}"
EndProject
Project("{2150E333-8FDC-42A3-9474-1A3956D46DE8}") = "src", "src", "{E782F69F-A8F3-9C26-EB1D-A4423FA8F183}"
EndProject
Project("{FAE04EC0-301F-11D3-BF4B-00C04F79EFBC}") = "ElkSharp", "ElkSharp\src\ElkSharp\ElkSharp.csproj", "{F1920AF0-0A23-4DF5-B04C-4092D39B0F26}"
EndProject
Project("{FAE04EC0-301F-11D3-BF4B-00C04F79EFBC}") = "Refund.Tests", "Refund.Tests\Refund.Tests.csproj", "{C2F60B53-648F-4E19-BB50-28732002F69A}"
EndProject
Global
	GlobalSection(SolutionConfigurationPlatforms) = preSolution
		Debug|Any CPU = Debug|Any CPU
		Debug|x64 = Debug|x64
		Debug|x86 = Debug|x86
		Release|Any CPU = Release|Any CPU
		Release|x64 = Release|x64
		Release|x86 = Release|x86
	EndGlobalSection
	GlobalSection(ProjectConfigurationPlatforms) = postSolution
		{19DB4393-0C5C-4F12-BB0D-771EFA3FBE9A}.Debug|Any CPU.ActiveCfg = Debug|Any CPU
		{19DB4393-0C5C-4F12-BB0D-771EFA3FBE9A}.Debug|Any CPU.Build.0 = Debug|Any CPU
		{19DB4393-0C5C-4F12-BB0D-771EFA3FBE9A}.Debug|x64.ActiveCfg = Debug|Any CPU
		{19DB4393-0C5C-4F12-BB0D-771EFA3FBE9A}.Debug|x64.Build.0 = Debug|Any CPU
		{19DB4393-0C5C-4F12-BB0D-771EFA3FBE9A}.Debug|x86.ActiveCfg = Debug|Any CPU
		{19DB4393-0C5C-4F12-BB0D-771EFA3FBE9A}.Debug|x86.Build.0 = Debug|Any CPU
		{19DB4393-0C5C-4F12-BB0D-771EFA3FBE9A}.Release|Any CPU.ActiveCfg = Release|Any CPU
		{19DB4393-0C5C-4F12-BB0D-771EFA3FBE9A}.Release|Any CPU.Build.0 = Release|Any CPU
		{19DB4393-0C5C-4F12-BB0D-771EFA3FBE9A}.Release|x64.ActiveCfg = Release|Any CPU
		{19DB4393-0C5C-4F12-BB0D-771EFA3FBE9A}.Release|x64.Build.0 = Release|Any CPU
		{19DB4393-0C5C-4F12-BB0D-771EFA3FBE9A}.Release|x86.ActiveCfg = Release|Any CPU
		{19DB4393-0C5C-4F12-BB0D-771EFA3FBE9A}.Release|x86.Build.0 = Release|Any CPU
		{9E788BC2-9177-42B9-9101-F31EB7D7C691}.Debug|Any CPU.ActiveCfg = Debug|Any CPU
		{9E788BC2-9177-42B9-9101-F31EB7D7C691}.Debug|Any CPU.Build.0 = Debug|Any CPU
		{9E788BC2-9177-42B9-9101-F31EB7D7C691}.Debug|x64.ActiveCfg = Debug|Any CPU
		{9E788BC2-9177-42B9-9101-F31EB7D7C691}.Debug|x64.Build.0 = Debug|Any CPU
		{9E788BC2-9177-42B9-9101-F31EB7D7C691}.Debug|x86.ActiveCfg = Debug|Any CPU
		{9E788BC2-9177-42B9-9101-F31EB7D7C691}.Debug|x86.Build.0 = Debug|Any CPU
		{9E788BC2-9177-42B9-9101-F31EB7D7C691}.Release|Any CPU.ActiveCfg = Release|Any CPU
		{9E788BC2-9177-42B9-9101-F31EB7D7C691}.Release|Any CPU.Build.0 = Release|Any CPU
		{9E788BC2-9177-42B9-9101-F31EB7D7C691}.Release|x64.ActiveCfg = Release|Any CPU
		{9E788BC2-9177-42B9-9101-F31EB7D7C691}.Release|x64.Build.0 = Release|Any CPU
		{9E788BC2-9177-42B9-9101-F31EB7D7C691}.Release|x86.ActiveCfg = Release|Any CPU
		{9E788BC2-9177-42B9-9101-F31EB7D7C691}.Release|x86.Build.0 = Release|Any CPU
		{33E72A9F-92F3-48C9-9553-D7CC7C21B267}.Debug|Any CPU.ActiveCfg = Debug|Any CPU
		{33E72A9F-92F3-48C9-9553-D7CC7C21B267}.Debug|Any CPU.Build.0 = Debug|Any CPU
		{33E72A9F-92F3-48C9-9553-D7CC7C21B267}.Debug|x64.ActiveCfg = Debug|Any CPU
		{33E72A9F-92F3-48C9-9553-D7CC7C21B267}.Debug|x64.Build.0 = Debug|Any CPU
		{33E72A9F-92F3-48C9-9553-D7CC7C21B267}.Debug|x86.ActiveCfg = Debug|Any CPU
		{33E72A9F-92F3-48C9-9553-D7CC7C21B267}.Debug|x86.Build.0 = Debug|Any CPU
		{33E72A9F-92F3-48C9-9553-D7CC7C21B267}.Release|Any CPU.ActiveCfg = Release|Any CPU
		{33E72A9F-92F3-48C9-9553-D7CC7C21B267}.Release|Any CPU.Build.0 = Release|Any CPU
		{33E72A9F-92F3-48C9-9553-D7CC7C21B267}.Release|x64.ActiveCfg = Release|Any CPU
		{33E72A9F-92F3-48C9-9553-D7CC7C21B267}.Release|x64.Build.0 = Release|Any CPU
		{33E72A9F-92F3-48C9-9553-D7CC7C21B267}.Release|x86.ActiveCfg = Release|Any CPU
		{33E72A9F-92F3-48C9-9553-D7CC7C21B267}.Release|x86.Build.0 = Release|Any CPU
		{28014E99-355D-4B29-8739-58BD6D268D4E}.Debug|Any CPU.ActiveCfg = Debug|Any CPU
		{28014E99-355D-4B29-8739-58BD6D268D4E}.Debug|Any CPU.Build.0 = Debug|Any CPU
		{28014E99-355D-4B29-8739-58BD6D268D4E}.Debug|x64.ActiveCfg = Debug|Any CPU
		{28014E99-355D-4B29-8739-58BD6D268D4E}.Debug|x64.Build.0 = Debug|Any CPU
		{28014E99-355D-4B29-8739-58BD6D268D4E}.Debug|x86.ActiveCfg = Debug|Any CPU
		{28014E99-355D-4B29-8739-58BD6D268D4E}.Debug|x86.Build.0 = Debug|Any CPU
		{28014E99-355D-4B29-8739-58BD6D268D4E}.Release|Any CPU.ActiveCfg = Release|Any CPU
		{28014E99-355D-4B29-8739-58BD6D268D4E}.Release|Any CPU.Build.0 = Release|Any CPU
		{28014E99-355D-4B29-8739-58BD6D268D4E}.Release|x64.ActiveCfg = Release|Any CPU
		{28014E99-355D-4B29-8739-58BD6D268D4E}.Release|x64.Build.0 = Release|Any CPU
		{28014E99-355D-4B29-8739-58BD6D268D4E}.Release|x86.ActiveCfg = Release|Any CPU
		{28014E99-355D-4B29-8739-58BD6D268D4E}.Release|x86.Build.0 = Release|Any CPU
		{6B52E220-3DFC-4BF4-8DC5-DC1BF585351B}.Debug|Any CPU.ActiveCfg = Debug|Any CPU
		{6B52E220-3DFC-4BF4-8DC5-DC1BF585351B}.Debug|Any CPU.Build.0 = Debug|Any CPU
		{6B52E220-3DFC-4BF4-8DC5-DC1BF585351B}.Debug|x64.ActiveCfg = Debug|Any CPU
		{6B52E220-3DFC-4BF4-8DC5-DC1BF585351B}.Debug|x64.Build.0 = Debug|Any CPU
		{6B52E220-3DFC-4BF4-8DC5-DC1BF585351B}.Debug|x86.ActiveCfg = Debug|Any CPU
		{6B52E220-3DFC-4BF4-8DC5-DC1BF585351B}.Debug|x86.Build.0 = Debug|Any CPU
		{6B52E220-3DFC-4BF4-8DC5-DC1BF585351B}.Release|Any CPU.ActiveCfg = Release|Any CPU
		{6B52E220-3DFC-4BF4-8DC5-DC1BF585351B}.Release|Any CPU.Build.0 = Release|Any CPU
		{6B52E220-3DFC-4BF4-8DC5-DC1BF585351B}.Release|x64.ActiveCfg = Release|Any CPU
		{6B52E220-3DFC-4BF4-8DC5-DC1BF585351B}.Release|x64.Build.0 = Release|Any CPU
		{6B52E220-3DFC-4BF4-8DC5-DC1BF585351B}.Release|x86.ActiveCfg = Release|Any CPU
		{6B52E220-3DFC-4BF4-8DC5-DC1BF585351B}.Release|x86.Build.0 = Release|Any CPU
		{7C30C4E0-8E0F-417A-80A6-8B6A4B1065EB}.Debug|Any CPU.ActiveCfg = Debug|Any CPU
		{7C30C4E0-8E0F-417A-80A6-8B6A4B1065EB}.Debug|Any CPU.Build.0 = Debug|Any CPU
		{7C30C4E0-8E0F-417A-80A6-8B6A4B1065EB}.Debug|x64.ActiveCfg = Debug|Any CPU
		{7C30C4E0-8E0F-417A-80A6-8B6A4B1065EB}.Debug|x64.Build.0 = Debug|Any CPU
		{7C30C4E0-8E0F-417A-80A6-8B6A4B1065EB}.Debug|x86.ActiveCfg = Debug|Any CPU
		{7C30C4E0-8E0F-417A-80A6-8B6A4B1065EB}.Debug|x86.Build.0 = Debug|Any CPU
		{7C30C4E0-8E0F-417A-80A6-8B6A4B1065EB}.Release|Any CPU.ActiveCfg = Release|Any CPU
		{7C30C4E0-8E0F-417A-80A6-8B6A4B1065EB}.Release|Any CPU.Build.0 = Release|Any CPU
		{7C30C4E0-8E0F-417A-80A6-8B6A4B1065EB}.Release|x64.ActiveCfg = Release|Any CPU
		{7C30C4E0-8E0F-417A-80A6-8B6A4B1065EB}.Release|x64.Build.0 = Release|Any CPU
		{7C30C4E0-8E0F-417A-80A6-8B6A4B1065EB}.Release|x86.ActiveCfg = Release|Any CPU
		{7C30C4E0-8E0F-417A-80A6-8B6A4B1065EB}.Release|x86.Build.0 = Release|Any CPU
		{17976CA7-4886-4BB1-BFC5-F6866C45EABA}.Debug|Any CPU.ActiveCfg = Debug|Any CPU
		{17976CA7-4886-4BB1-BFC5-F6866C45EABA}.Debug|Any CPU.Build.0 = Debug|Any CPU
		{17976CA7-4886-4BB1-BFC5-F6866C45EABA}.Debug|x64.ActiveCfg = Debug|Any CPU
		{17976CA7-4886-4BB1-BFC5-F6866C45EABA}.Debug|x64.Build.0 = Debug|Any CPU
		{17976CA7-4886-4BB1-BFC5-F6866C45EABA}.Debug|x86.ActiveCfg = Debug|Any CPU
		{17976CA7-4886-4BB1-BFC5-F6866C45EABA}.Debug|x86.Build.0 = Debug|Any CPU
		{17976CA7-4886-4BB1-BFC5-F6866C45EABA}.Release|Any CPU.ActiveCfg = Release|Any CPU
		{17976CA7-4886-4BB1-BFC5-F6866C45EABA}.Release|Any CPU.Build.0 = Release|Any CPU
		{17976CA7-4886-4BB1-BFC5-F6866C45EABA}.Release|x64.ActiveCfg = Release|Any CPU
		{17976CA7-4886-4BB1-BFC5-F6866C45EABA}.Release|x64.Build.0 = Release|Any CPU
		{17976CA7-4886-4BB1-BFC5-F6866C45EABA}.Release|x86.ActiveCfg = Release|Any CPU
		{17976CA7-4886-4BB1-BFC5-F6866C45EABA}.Release|x86.Build.0 = Release|Any CPU
		{4BD53E9B-B8FB-40B0-8ED2-7CAAD3A4262A}.Debug|Any CPU.ActiveCfg = Debug|Any CPU
		{4BD53E9B-B8FB-40B0-8ED2-7CAAD3A4262A}.Debug|Any CPU.Build.0 = Debug|Any CPU
		{4BD53E9B-B8FB-40B0-8ED2-7CAAD3A4262A}.Debug|x64.ActiveCfg = Debug|Any CPU
		{4BD53E9B-B8FB-40B0-8ED2-7CAAD3A4262A}.Debug|x64.Build.0 = Debug|Any CPU
		{4BD53E9B-B8FB-40B0-8ED2-7CAAD3A4262A}.Debug|x86.ActiveCfg = Debug|Any CPU
		{4BD53E9B-B8FB-40B0-8ED2-7CAAD3A4262A}.Debug|x86.Build.0 = Debug|Any CPU
		{4BD53E9B-B8FB-40B0-8ED2-7CAAD3A4262A}.Release|Any CPU.ActiveCfg = Release|Any CPU
		{4BD53E9B-B8FB-40B0-8ED2-7CAAD3A4262A}.Release|Any CPU.Build.0 = Release|Any CPU
		{4BD53E9B-B8FB-40B0-8ED2-7CAAD3A4262A}.Release|x64.ActiveCfg = Release|Any CPU
		{4BD53E9B-B8FB-40B0-8ED2-7CAAD3A4262A}.Release|x64.Build.0 = Release|Any CPU
		{4BD53E9B-B8FB-40B0-8ED2-7CAAD3A4262A}.Release|x86.ActiveCfg = Release|Any CPU
		{4BD53E9B-B8FB-40B0-8ED2-7CAAD3A4262A}.Release|x86.Build.0 = Release|Any CPU
		{F1920AF0-0A23-4DF5-B04C-4092D39B0F26}.Debug|Any CPU.ActiveCfg = Debug|Any CPU
		{F1920AF0-0A23-4DF5-B04C-4092D39B0F26}.Debug|Any CPU.Build.0 = Debug|Any CPU
		{F1920AF0-0A23-4DF5-B04C-4092D39B0F26}.Debug|x64.ActiveCfg = Debug|Any CPU
		{F1920AF0-0A23-4DF5-B04C-4092D39B0F26}.Debug|x64.Build.0 = Debug|Any CPU
		{F1920AF0-0A23-4DF5-B04C-4092D39B0F26}.Debug|x86.ActiveCfg = Debug|Any CPU
		{F1920AF0-0A23-4DF5-B04C-4092D39B0F26}.Debug|x86.Build.0 = Debug|Any CPU
		{F1920AF0-0A23-4DF5-B04C-4092D39B0F26}.Release|Any CPU.ActiveCfg = Release|Any CPU
		{F1920AF0-0A23-4DF5-B04C-4092D39B0F26}.Release|Any CPU.Build.0 = Release|Any CPU
		{F1920AF0-0A23-4DF5-B04C-4092D39B0F26}.Release|x64.ActiveCfg = Release|Any CPU
		{F1920AF0-0A23-4DF5-B04C-4092D39B0F26}.Release|x64.Build.0 = Release|Any CPU
		{F1920AF0-0A23-4DF5-B04C-4092D39B0F26}.Release|x86.ActiveCfg = Release|Any CPU
		{F1920AF0-0A23-4DF5-B04C-4092D39B0F26}.Release|x86.Build.0 = Release|Any CPU
		{C2F60B53-648F-4E19-BB50-28732002F69A}.Debug|Any CPU.ActiveCfg = Debug|Any CPU
		{C2F60B53-648F-4E19-BB50-28732002F69A}.Debug|Any CPU.Build.0 = Debug|Any CPU
		{C2F60B53-648F-4E19-BB50-28732002F69A}.Debug|x64.ActiveCfg = Debug|Any CPU
		{C2F60B53-648F-4E19-BB50-28732002F69A}.Debug|x64.Build.0 = Debug|Any CPU
		{C2F60B53-648F-4E19-BB50-28732002F69A}.Debug|x86.ActiveCfg = Debug|Any CPU
		{C2F60B53-648F-4E19-BB50-28732002F69A}.Debug|x86.Build.0 = Debug|Any CPU
		{C2F60B53-648F-4E19-BB50-28732002F69A}.Release|Any CPU.ActiveCfg = Release|Any CPU
		{C2F60B53-648F-4E19-BB50-28732002F69A}.Release|Any CPU.Build.0 = Release|Any CPU
		{C2F60B53-648F-4E19-BB50-28732002F69A}.Release|x64.ActiveCfg = Release|Any CPU
		{C2F60B53-648F-4E19-BB50-28732002F69A}.Release|x64.Build.0 = Release|Any CPU
		{C2F60B53-648F-4E19-BB50-28732002F69A}.Release|x86.ActiveCfg = Release|Any CPU
		{C2F60B53-648F-4E19-BB50-28732002F69A}.Release|x86.Build.0 = Release|Any CPU
	EndGlobalSection
	GlobalSection(SolutionProperties) = preSolution
		HideSolutionNode = FALSE
	EndGlobalSection
	GlobalSection(NestedProjects) = preSolution
		{E782F69F-A8F3-9C26-EB1D-A4423FA8F183} = {A76215AD-9A74-95F2-B232-6C425EF2EEA0}
		{F1920AF0-0A23-4DF5-B04C-4092D39B0F26} = {E782F69F-A8F3-9C26-EB1D-A4423FA8F183}
	EndGlobalSection
	GlobalSection(ExtensibilityGlobals) = postSolution
		SolutionGuid = {D77F11A4-3327-4EA6-AA0E-D533D4FD6047}
	EndGlobalSection
EndGlobal
